<?xml version="1.0" encoding="UTF-8" standalone="yes" ?>
<CodeBlocks_project_file>
	<FileVersion major="1" minor="6" />
	<Project>
		<Option title="Embaucado" />
		<Option pch_mode="2" />
		<Option compiler="gcc" />
		<Build>
			<Target title="Debug">
				<Option output="bin/Debug/Embaucado" prefix_auto="1" extension_auto="1" />
				<Option object_output="obj/Debug/" />
				<Option type="1" />
				<Option compiler="gcc" />
				<Compiler>
					<Add option="-g" />
				</Compiler>
			</Target>
			<Target title="Release">
				<Option output="bin/Release/Embaucado" prefix_auto="1" extension_auto="1" />
				<Option object_output="obj/Release/" />
				<Option type="1" />
				<Option compiler="gcc" />
				<Compiler>
					<Add option="-O2" />
				</Compiler>
				<Linker>
					<Add option="-s" />
				</Linker>
			</Target>
		</Build>
		<Compiler>
			<Add option="-Wall" />
			<Add option="-fexceptions" />
		</Compiler>
		<Unit filename="Funciones/calcularEstadisticas.cpp" />
		<Unit filename="Funciones/calcularEstadisticas.h" />
		<Unit filename="Funciones/chequearMano.cpp" />
		<Unit filename="Funciones/chequearMano.h" />
		<Unit filename="Funciones/chequearMano2.cpp" />
		<Unit filename="Funciones/chequearMano2.h" />
		<Unit filename="Funciones/decodificarCarta.cpp" />
		<Unit filename="Funciones/decodificarCarta.h" />
		<Unit filename="Funciones/decodificarMano.cpp" />
		<Unit filename="Funciones/decodificarMano.h" />
		<Unit filename="Funciones/elegirNombres.cpp" />
		<Unit filename="Funciones/elegirNombres.h" />
		<Unit filename="Funciones/estadisticas.cpp" />
		<Unit filename="Funciones/estadisticas.h" />
		<Unit filename="Funciones/jugar.cpp" />
		<Unit filename="Funciones/jugar.h" />
		<Unit filename="Funciones/menu.cpp" />
		<Unit filename="Funciones/menu.h" />
		<Unit filename="Funciones/mostrarCreditos.cpp" />
		<Unit filename="Funciones/mostrarCreditos.h" />
		<Unit filename="Funciones/mostrarEmbaucadora.cpp" />
		<Unit filename="Funciones/mostrarEmbaucadora.h" />
		<Unit filename="Funciones/mostrarEstadisticas.cpp" />
		<Unit filename="Funciones/mostrarEstadisticas.h" />
		<Unit filename="Funciones/mostrarMano.cpp" />
		<Unit filename="Funciones/mostrarMano.h" />
		<Unit filename="Funciones/mostrarMenu.cpp" />
		<Unit filename="Funciones/mostrarMenu.h" />
		<Unit filename="Funciones/mostrarReglas.cpp" />
		<Unit filename="Funciones/mostrarReglas.h" />
		<Unit filename="Funciones/rlutil.h" />
		<Unit filename="Funciones/robarEmbaucadora.cpp" />
		<Unit filename="Funciones/robarEmbaucadora.h" />
		<Unit filename="Funciones/robarMano.cpp" />
		<Unit filename="Funciones/robarMano.h" />
		<Unit filename="Funciones/rondas.cpp" />
		<Unit filename="Funciones/rondas.h" />
		<Unit filename="Funciones/sumarPuntos.cpp" />
		<Unit filename="Funciones/sumarPuntos.h" />
		<Unit filename="main.cpp" />
		<Extensions>
			<lib_finder disable_auto="1" />
		</Extensions>
	</Project>
</CodeBlocks_project_file>
